// !$*UTF8*$!
{
	archiveVersion = 1;
	classes = {
	};
	objectVersion = 46;
	objects = {

/* Begin PBXBuildFile section */
		196BE6201E41ED8900035306 /* AppDelegate.swift in Sources */ = {isa = PBXBuildFile; fileRef = 196BE61F1E41ED8900035306 /* AppDelegate.swift */; };
		196BE6221E41ED8900035306 /* ViewController.swift in Sources */ = {isa = PBXBuildFile; fileRef = 196BE6211E41ED8900035306 /* ViewController.swift */; };
		196BE6251E41ED8900035306 /* Main.storyboard in Resources */ = {isa = PBXBuildFile; fileRef = 196BE6231E41ED8900035306 /* Main.storyboard */; };
		196BE6271E41ED8900035306 /* Assets.xcassets in Resources */ = {isa = PBXBuildFile; fileRef = 196BE6261E41ED8900035306 /* Assets.xcassets */; };
		196BE62A1E41ED8900035306 /* LaunchScreen.storyboard in Resources */ = {isa = PBXBuildFile; fileRef = 196BE6281E41ED8900035306 /* LaunchScreen.storyboard */; };
		196BE6321E41F2B800035306 /* pokemon.csv in Resources */ = {isa = PBXBuildFile; fileRef = 196BE6311E41F2B800035306 /* pokemon.csv */; };
		E37EE9CC4574BC8CC449A2F0 /* Pods_09_PokemonGo.framework in Frameworks */ = {isa = PBXBuildFile; fileRef = 6A7D7F008DA50000E4E107B4 /* Pods_09_PokemonGo.framework */; };
/* End PBXBuildFile section */

/* Begin PBXFileReference section */
		071072215CE28D37B0650FE1 /* Pods-09-PokemonGo.debug.xcconfig */ = {isa = PBXFileReference; includeInIndex = 1; lastKnownFileType = text.xcconfig; name = "Pods-09-PokemonGo.debug.xcconfig"; path = "Pods/Target Support Files/Pods-09-PokemonGo/Pods-09-PokemonGo.debug.xcconfig"; sourceTree = "<group>"; };
		196BE61C1E41ED8900035306 /* 09-PokemonGo.app */ = {isa = PBXFileReference; explicitFileType = wrapper.application; includeInIndex = 0; path = "09-PokemonGo.app"; sourceTree = BUILT_PRODUCTS_DIR; };
		196BE61F1E41ED8900035306 /* AppDelegate.swift */ = {isa = PBXFileReference; lastKnownFileType = sourcecode.swift; path = AppDelegate.swift; sourceTree = "<group>"; };
		196BE6211E41ED8900035306 /* ViewController.swift */ = {isa = PBXFileReference; lastKnownFileType = sourcecode.swift; path = ViewController.swift; sourceTree = "<group>"; };
		196BE6241E41ED8900035306 /* Base */ = {isa = PBXFileReference; lastKnownFileType = file.storyboard; name = Base; path = Base.lproj/Main.storyboard; sourceTree = "<group>"; };
		196BE6261E41ED8900035306 /* Assets.xcassets */ = {isa = PBXFileReference; lastKnownFileType = folder.assetcatalog; path = Assets.xcassets; sourceTree = "<group>"; };
		196BE6291E41ED8900035306 /* Base */ = {isa = PBXFileReference; lastKnownFileType = file.storyboard; name = Base; path = Base.lproj/LaunchScreen.storyboard; sourceTree = "<group>"; };
		196BE62B1E41ED8900035306 /* Info.plist */ = {isa = PBXFileReference; lastKnownFileType = text.plist.xml; path = Info.plist; sourceTree = "<group>"; };
		196BE6311E41F2B800035306 /* pokemon.csv */ = {isa = PBXFileReference; fileEncoding = 4; lastKnownFileType = text; path = pokemon.csv; sourceTree = "<group>"; };
		6A7D7F008DA50000E4E107B4 /* Pods_09_PokemonGo.framework */ = {isa = PBXFileReference; explicitFileType = wrapper.framework; includeInIndex = 0; path = Pods_09_PokemonGo.framework; sourceTree = BUILT_PRODUCTS_DIR; };
		88CF688DF4B3370177571F8D /* Pods-09-PokemonGo.release.xcconfig */ = {isa = PBXFileReference; includeInIndex = 1; lastKnownFileType = text.xcconfig; name = "Pods-09-PokemonGo.release.xcconfig"; path = "Pods/Target Support Files/Pods-09-PokemonGo/Pods-09-PokemonGo.release.xcconfig"; sourceTree = "<group>"; };
/* End PBXFileReference section */

/* Begin PBXFrameworksBuildPhase section */
		196BE6191E41ED8900035306 /* Frameworks */ = {
			isa = PBXFrameworksBuildPhase;
			buildActionMask = 2147483647;
			files = (
				E37EE9CC4574BC8CC449A2F0 /* Pods_09_PokemonGo.framework in Frameworks */,
			);
			runOnlyForDeploymentPostprocessing = 0;
		};
/* End PBXFrameworksBuildPhase section */

/* Begin PBXGroup section */
		196BE6131E41ED8900035306 = {
			isa = PBXGroup;
			children = (
				196BE61E1E41ED8900035306 /* 09-PokemonGo */,
				196BE61D1E41ED8900035306 /* Products */,
				EEF1B1A9DEF3F259C2CFE9EF /* Pods */,
				2E30C03F6AF60BD23C4835E0 /* Frameworks */,
			);
			sourceTree = "<group>";
		};
		196BE61D1E41ED8900035306 /* Products */ = {
			isa = PBXGroup;
			children = (
				196BE61C1E41ED8900035306 /* 09-PokemonGo.app */,
			);
			name = Products;
			sourceTree = "<group>";
		};
		196BE61E1E41ED8900035306 /* 09-PokemonGo */ = {
			isa = PBXGroup;
			children = (
				196BE61F1E41ED8900035306 /* AppDelegate.swift */,
				196BE6211E41ED8900035306 /* ViewController.swift */,
				196BE6231E41ED8900035306 /* Main.storyboard */,
				196BE6261E41ED8900035306 /* Assets.xcassets */,
				196BE6311E41F2B800035306 /* pokemon.csv */,
				196BE6281E41ED8900035306 /* LaunchScreen.storyboard */,
				196BE62B1E41ED8900035306 /* Info.plist */,
			);
			path = "09-PokemonGo";
			sourceTree = "<group>";
		};
		2E30C03F6AF60BD23C4835E0 /* Frameworks */ = {
			isa = PBXGroup;
			children = (
				6A7D7F008DA50000E4E107B4 /* Pods_09_PokemonGo.framework */,
			);
			name = Frameworks;
			sourceTree = "<group>";
		};
		EEF1B1A9DEF3F259C2CFE9EF /* Pods */ = {
			isa = PBXGroup;
			children = (
				071072215CE28D37B0650FE1 /* Pods-09-PokemonGo.debug.xcconfig */,
				88CF688DF4B3370177571F8D /* Pods-09-PokemonGo.release.xcconfig */,
			);
			name = Pods;
			sourceTree = "<group>";
		};
/* End PBXGroup section */

/* Begin PBXNativeTarget section */
		196BE61B1E41ED8900035306 /* 09-PokemonGo */ = {
			isa = PBXNativeTarget;
			buildConfigurationList = 196BE62E1E41ED8900035306 /* Build configuration list for PBXNativeTarget "09-PokemonGo" */;
			buildPhases = (
				064DDBE0701AF54745CE6FB2 /* [CP] Check Pods Manifest.lock */,
				196BE6181E41ED8900035306 /* Sources */,
				196BE6191E41ED8900035306 /* Frameworks */,
				196BE61A1E41ED8900035306 /* Resources */,
				389909A347D90F3BBA5F9391 /* [CP] Embed Pods Frameworks */,
				E6398B42119D772317260F73 /* [CP] Copy Pods Resources */,
			);
			buildRules = (
			);
			dependencies = (
			);
			name = "09-PokemonGo";
			productName = "09-PokemonGo";
			productReference = 196BE61C1E41ED8900035306 /* 09-PokemonGo.app */;
			productType = "com.apple.product-type.application";
		};
/* End PBXNativeTarget section */

/* Begin PBXProject section */
		196BE6141E41ED8900035306 /* Project object */ = {
			isa = PBXProject;
			attributes = {
				LastSwiftUpdateCheck = 0800;
				LastUpgradeCheck = 0800;
				ORGANIZATIONNAME = "Dennis Yaremenko";
				TargetAttributes = {
					196BE61B1E41ED8900035306 = {
						CreatedOnToolsVersion = 8.0;
						DevelopmentTeam = WHW593D57S;
						ProvisioningStyle = Automatic;
					};
				};
			};
			buildConfigurationList = 196BE6171E41ED8900035306 /* Build configuration list for PBXProject "09-PokemonGo" */;
			compatibilityVersion = "Xcode 3.2";
			developmentRegion = English;
			hasScannedForEncodings = 0;
			knownRegions = (
				en,
				Base,
			);
			mainGroup = 196BE6131E41ED8900035306;
			productRefGroup = 196BE61D1E41ED8900035306 /* Products */;
			projectDirPath = "";
			projectRoot = "";
			targets = (
				196BE61B1E41ED8900035306 /* 09-PokemonGo */,
			);
		};
/* End PBXProject section */

/* Begin PBXResourcesBuildPhase section */
		196BE61A1E41ED8900035306 /* Resources */ = {
			isa = PBXResourcesBuildPhase;
			buildActionMask = 2147483647;
			files = (
				196BE62A1E41ED8900035306 /* LaunchScreen.storyboard in Resources */,
				196BE6271E41ED8900035306 /* Assets.xcassets in Resources */,
				196BE6321E41F2B800035306 /* pokemon.csv in Resources */,
				196BE6251E41ED8900035306 /* Main.storyboard in Resources */,
			);
			runOnlyForDeploymentPostprocessing = 0;
		};
/* End PBXResourcesBuildPhase section */

/* Begin PBXShellScriptBuildPhase section */
		064DDBE0701AF54745CE6FB2 /* [CP] Check Pods Manifest.lock */ = {
			isa = PBXShellScriptBuildPhase;
			buildActionMask = 2147483647;
			files = (
			);
			inputPaths = (
			);
			name = "[CP] Check Pods Manifest.lock";
			outputPaths = (
			);
			runOnlyForDeploymentPostprocessing = 0;
			shellPath = /bin/sh;
			shellScript = "diff \"${PODS_ROOT}/../Podfile.lock\" \"${PODS_ROOT}/Manifest.lock\" > /dev/null\nif [[ $? != 0 ]] ; then\n    cat << EOM\nerror: The sandbox is not in sync with the Podfile.lock. Run 'pod install' or update your CocoaPods installation.\nEOM\n    exit 1\nfi\n";
			showEnvVarsInLog = 0;
		};
		389909A347D90F3BBA5F9391 /* [CP] Embed Pods Frameworks */ = {
			isa = PBXShellScriptBuildPhase;
			buildActionMask = 2147483647;
			files = (
			);
			inputPaths = (
			);
			name = "[CP] Embed Pods Frameworks";
			outputPaths = (
			);
			runOnlyForDeploymentPostprocessing = 0;
			shellPath = /bin/sh;
			shellScript = "\"${SRCROOT}/Pods/Target Support Files/Pods-09-PokemonGo/Pods-09-PokemonGo-frameworks.sh\"\n";
			showEnvVarsInLog = 0;
		};
		E6398B42119D772317260F73 /* [CP] Copy Pods Resources */ = {
			isa = PBXShellScriptBuildPhase;
			buildActionMask = 2147483647;
			files = (
			);
			inputPaths = (
			);
			name = "[CP] Copy Pods Resources";
			outputPaths = (
			);
			runOnlyForDeploymentPostprocessing = 0;
			shellPath = /bin/sh;
			shellScript = "\"${SRCROOT}/Pods/Target Support Files/Pods-09-PokemonGo/Pods-09-PokemonGo-resources.sh\"\n";
			showEnvVarsInLog = 0;
		};
/* End PBXShellScriptBuildPhase section */

/* Begin PBXSourcesBuildPhase section */
		196BE6181E41ED8900035306 /* Sources */ = {
			isa = PBXSourcesBuildPhase;
			buildActionMask = 2147483647;
			files = (
				196BE6221E41ED8900035306 /* ViewController.swift in Sources */,
				196BE6201E41ED8900035306 /* AppDelegate.swift in Sources */,
			);
			runOnlyForDeploymentPostprocessing = 0;
		};
/* End PBXSourcesBuildPhase section */

/* Begin PBXVariantGroup section */
		196BE6231E41ED8900035306 /* Main.storyboard */ = {
			isa = PBXVariantGroup;
			children = (
				196BE6241E41ED8900035306 /* Base */,
			);
			name = Main.storyboard;
			sourceTree = "<group>";
		};
		196BE6281E41ED8900035306 /* LaunchScreen.storyboard */ = {
			isa = PBXVariantGroup;
			children = (
				196BE6291E41ED8900035306 /* Base */,
			);
			name = LaunchScreen.storyboard;
			sourceTree = "<group>";
		};
/* End PBXVariantGroup section */

/* Begin XCBuildConfiguration section */
		196BE62C1E41ED8900035306 /* Debug */ = {
			isa = XCBuildConfiguration;
			buildSettings = {
				ALWAYS_SEARCH_USER_PATHS = NO;
				CLANG_ANALYZER_NONNULL = YES;
				CLANG_CXX_LANGUAGE_STANDARD = "gnu++0x";
				CLANG_CXX_LIBRARY = "libc++";
				CLANG_ENABLE_MODULES = YES;
				CLANG_ENABLE_OBJC_ARC = YES;
				CLANG_WARN_BOOL_CONVERSION = YES;
				CLANG_WARN_CONSTANT_CONVERSION = YES;
				CLANG_WARN_DIRECT_OBJC_ISA_USAGE = YES_ERROR;
				CLANG_WARN_DOCUMENTATION_COMMENTS = YES;
				CLANG_WARN_EMPTY_BODY = YES;
				CLANG_WARN_ENUM_CONVERSION = YES;
				CLANG_WARN_INFINITE_RECURSION = YES;
				CLANG_WARN_INT_CONVERSION = YES;
				CLANG_WARN_OBJC_ROOT_CLASS = YES_ERROR;
				CLANG_WARN_SUSPICIOUS_MOVES = YES;
				CLANG_WARN_UNREACHABLE_CODE = YES;
				CLANG_WARN__DUPLICATE_METHOD_MATCH = YES;
				"CODE_SIGN_IDENTITY[sdk=iphoneos*]" = "iPhone Developer";
				COPY_PHASE_STRIP = NO;
				DEBUG_INFORMATION_FORMAT = dwarf;
				ENABLE_STRICT_OBJC_MSGSEND = YES;
				ENABLE_TESTABILITY = YES;
				GCC_C_LANGUAGE_STANDARD = gnu99;
				GCC_DYNAMIC_NO_PIC = NO;
				GCC_NO_COMMON_BLOCKS = YES;
				GCC_OPTIMIZATION_LEVEL = 0;
				GCC_PREPROCESSOR_DEFINITIONS = (
					"DEBUG=1",
					"$(inherited)",
				);
				GCC_WARN_64_TO_32_BIT_CONVERSION = YES;
				GCC_WARN_ABOUT_RETURN_TYPE = YES_ERROR;
				GCC_WARN_UNDECLARED_SELECTOR = YES;
				GCC_WARN_UNINITIALIZED_AUTOS = YES_AGGRESSIVE;
				GCC_WARN_UNUSED_FUNCTION = YES;
				GCC_WARN_UNUSED_VARIABLE = YES;
				IPHONEOS_DEPLOYMENT_TARGET = 10.0;
				MTL_ENABLE_DEBUG_INFO = YES;
				ONLY_ACTIVE_ARCH = YES;
				SDKROOT = iphoneos;
				SWIFT_ACTIVE_COMPILATION_CONDITIONS = DEBUG;
				SWIFT_OPTIMIZATION_LEVEL = "-Onone";
				TARGETED_DEVICE_FAMILY = "1,2";
			};
			name = Debug;
		};
		196BE62D1E41ED8900035306 /* Release */ = {
			isa = XCBuildConfiguration;
			buildSettings = {
				ALWAYS_SEARCH_USER_PATHS = NO;
				CLANG_ANALYZER_NONNULL = YES;
				CLANG_CXX_LANGUAGE_STANDARD = "gnu++0x";
				CLANG_CXX_LIBRARY = "libc++";
				CLANG_ENABLE_MODULES = YES;
				CLANG_ENABLE_OBJC_ARC = YES;
				CLANG_WARN_BOOL_CONVERSION = YES;
				CLANG_WARN_CONSTANT_CONVERSION = YES;
				CLANG_WARN_DIRECT_OBJC_ISA_USAGE = YES_ERROR;
				CLANG_WARN_DOCUMENTATION_COMMENTS = YES;
				CLANG_WARN_EMPTY_BODY = YES;
				CLANG_WARN_ENUM_CONVERSION = YES;
				CLANG_WARN_INFINITE_RECURSION = YES;
				CLANG_WARN_INT_CONVERSION = YES;
				CLANG_WARN_OBJC_ROOT_CLASS = YES_ERROR;
				CLANG_WARN_SUSPICIOUS_MOVES = YES;
				CLANG_WARN_UNREACHABLE_CODE = YES;
				CLANG_WARN__DUPLICATE_METHOD_MATCH = YES;
				"CODE_SIGN_IDENTITY[sdk=iphoneos*]" = "iPhone Developer";
				COPY_PHASE_STRIP = NO;
				DEBUG_INFORMATION_FORMAT = "dwarf-with-dsym";
				ENABLE_NS_ASSERTIONS = NO;
				ENABLE_STRICT_OBJC_MSGSEND = YES;
				GCC_C_LANGUAGE_STANDARD = gnu99;
				GCC_NO_COMMON_BLOCKS = YES;
				GCC_WARN_64_TO_32_BIT_CONVERSION = YES;
				GCC_WARN_ABOUT_RETURN_TYPE = YES_ERROR;
				GCC_WARN_UNDECLARED_SELECTOR = YES;
				GCC_WARN_UNINITIALIZED_AUTOS = YES_AGGRESSIVE;
				GCC_WARN_UNUSED_FUNCTION = YES;
				GCC_WARN_UNUSED_VARIABLE = YES;
				IPHONEOS_DEPLOYMENT_TARGET = 10.0;
				MTL_ENABLE_DEBUG_INFO = NO;
				SDKROOT = iphoneos;
				SWIFT_OPTIMIZATION_LEVEL = "-Owholemodule";
				TARGETED_DEVICE_FAMILY = "1,2";
				VALIDATE_PRODUCT = YES;
			};
			name = Release;
		};
		196BE62F1E41ED8900035306 /* Debug */ = {
			isa = XCBuildConfiguration;
			baseConfigurationReference = 071072215CE28D37B0650FE1 /* Pods-09-PokemonGo.debug.xcconfig */;
			buildSettings = {
				ASSETCATALOG_COMPILER_APPICON_NAME = AppIcon;
				DEVELOPMENT_TEAM = WHW593D57S;
				INFOPLIST_FILE = "09-PokemonGo/Info.plist";
				LD_RUNPATH_SEARCH_PATHS = "$(inherited) @executable_path/Frameworks";
				PRODUCT_BUNDLE_IDENTIFIER = "DigitBrains.-9-PokemonGo";
				PRODUCT_NAME = "$(TARGET_NAME)";
				SWIFT_VERSION = 3.0;
			};
			name = Debug;
		};
		196BE6301E41ED8900035306 /* Release */ = {
			isa = XCBuildConfiguration;
			baseConfigurationReference = 88CF688DF4B3370177571F8D /* Pods-09-PokemonGo.release.xcconfig */;
			buildSettings = {
				ASSETCATALOG_COMPILER_APPICON_NAME = AppIcon;
				DEVELOPMENT_TEAM = WHW593D57S;
				INFOPLIST_FILE = "09-PokemonGo/Info.plist";
				LD_RUNPATH_SEARCH_PATHS = "$(inherited) @executable_path/Frameworks";
				PRODUCT_BUNDLE_IDENTIFIER = "DigitBrains.-9-PokemonGo";
				PRODUCT_NAME = "$(TARGET_NAME)";
				SWIFT_VERSION = 3.0;
			};
			name = Release;
		};
/* End XCBuildConfiguration section */

/* Begin XCConfigurationList section */
		196BE6171E41ED8900035306 /* Build configuration list for PBXProject "09-PokemonGo" */ = {
			isa = XCConfigurationList;
			buildConfigurations = (
				196BE62C1E41ED8900035306 /* Debug */,
				196BE62D1E41ED8900035306 /* Release */,
			);
			defaultConfigurationIsVisible = 0;
			defaultConfigurationName = Release;
		};
		196BE62E1E41ED8900035306 /* Build configuration list for PBXNativeTarget "09-PokemonGo" */ = {
			isa = XCConfigurationList;
			buildConfigurations = (
				196BE62F1E41ED8900035306 /* Debug */,
				196BE6301E41ED8900035306 /* Release */,
			);
			defaultConfigurationIsVisible = 0;
			defaultConfigurationName = Release;
		};
/* End XCConfigurationList section */
	};
	rootObject = 196BE6141E41ED8900035306 /* Project object */;
}
